{
    "_meta": {
        "hash": {
            "sha256": "83e3c92d2350f30007163ac585565add9a7ad5e6fac4e779ab701e81c3c93b07"
        },
        "pipfile-spec": 6,
        "requires": {
            "python_version": "3.12.4"
        },
        "sources": [
            {
                "name": "pypi",
                "url": "https://pypi.org/simple",
                "verify_ssl": true
            }
        ]
    },
    "default": {},
    "develop": {}
}
